{
  "name": "1code-linux",
  "version": "1.0.0",
  "lockfileVersion": 3,
  "requires": true,
  "packages": {
    "": {
      "name": "1code-linux",
      "version": "1.0.0",
      "license": "MIT",
      "bin": {
        "1code-linux": "bin/cli.ts"
      },
      "engines": {
        "bun": ">=1.0.0"
      }
    }
  }
}
